
Microsoft Visual Studio Solution File, Format Version 12.00
# Visual Studio Version 17
VisualStudioVersion = 17.0.31903.59
MinimumVisualStudioVersion = 10.0.40219.1
Project("{9A19103F-16F7-4668-BE54-9A1E7A4F7556}") = "ToDo.WebApp", "ToDo.Web\ToDo.WebApp\ToDo.WebApp.csproj", "{E26FAF0D-5E4A-4B28-82D7-EB08A8D7D829}"
EndProject
Project("{9A19103F-16F7-4668-BE54-9A1E7A4F7556}") = "azure-functions", "azure-functions\azure-functions.csproj", "{636D75DB-A0FD-4EC4-AB31-3EDE31467DBE}"
EndProject
Project("{54A90642-561A-4BB1-A94E-469ADEE60C69}") = "azure-function-client", "azure-function-client\azure-function-client.esproj", "{4829EE5C-C31F-4565-80A1-FE8BAC3F297C}"
EndProject
Global
	GlobalSection(SolutionConfigurationPlatforms) = preSolution
		Debug|Any CPU = Debug|Any CPU
		Release|Any CPU = Release|Any CPU
	EndGlobalSection
	GlobalSection(ProjectConfigurationPlatforms) = postSolution
		{E26FAF0D-5E4A-4B28-82D7-EB08A8D7D829}.Debug|Any CPU.ActiveCfg = Debug|Any CPU
		{E26FAF0D-5E4A-4B28-82D7-EB08A8D7D829}.Debug|Any CPU.Build.0 = Debug|Any CPU
		{E26FAF0D-5E4A-4B28-82D7-EB08A8D7D829}.Release|Any CPU.ActiveCfg = Release|Any CPU
		{E26FAF0D-5E4A-4B28-82D7-EB08A8D7D829}.Release|Any CPU.Build.0 = Release|Any CPU
		{636D75DB-A0FD-4EC4-AB31-3EDE31467DBE}.Debug|Any CPU.ActiveCfg = Debug|Any CPU
		{636D75DB-A0FD-4EC4-AB31-3EDE31467DBE}.Debug|Any CPU.Build.0 = Debug|Any CPU
		{636D75DB-A0FD-4EC4-AB31-3EDE31467DBE}.Release|Any CPU.ActiveCfg = Release|Any CPU
		{636D75DB-A0FD-4EC4-AB31-3EDE31467DBE}.Release|Any CPU.Build.0 = Release|Any CPU
		{4829EE5C-C31F-4565-80A1-FE8BAC3F297C}.Debug|Any CPU.ActiveCfg = Debug|Any CPU
		{4829EE5C-C31F-4565-80A1-FE8BAC3F297C}.Debug|Any CPU.Build.0 = Debug|Any CPU
		{4829EE5C-C31F-4565-80A1-FE8BAC3F297C}.Debug|Any CPU.Deploy.0 = Debug|Any CPU
		{4829EE5C-C31F-4565-80A1-FE8BAC3F297C}.Release|Any CPU.ActiveCfg = Release|Any CPU
		{4829EE5C-C31F-4565-80A1-FE8BAC3F297C}.Release|Any CPU.Build.0 = Release|Any CPU
		{4829EE5C-C31F-4565-80A1-FE8BAC3F297C}.Release|Any CPU.Deploy.0 = Release|Any CPU
	EndGlobalSection
	GlobalSection(SolutionProperties) = preSolution
		HideSolutionNode = FALSE
	EndGlobalSection
	GlobalSection(ExtensibilityGlobals) = postSolution
		SolutionGuid = {EF81D572-046E-4794-8D8F-A91CFCC39D3A}
	EndGlobalSection
EndGlobal
